
Microsoft Visual Studio Solution File, Format Version 12.00
Project("{FAE04EC0-301F-11D3-BF4B-00C04F79EFBC}") = "ImpLite", "ImpLite\ImpLite.csproj", "{D4860B31-411F-4E25-BD6D-C7C84284D481}"
EndProject
Project("{FAE04EC0-301F-11D3-BF4B-00C04F79EFBC}") = "WebApp", "WebApp\WebApp.csproj", "{00F9C05E-A1DC-4C25-974A-CAE52A4C162D}"
EndProject
Global
	GlobalSection(SolutionConfigurationPlatforms) = preSolution
		Debug|Any CPU = Debug|Any CPU
		Release|Any CPU = Release|Any CPU
	EndGlobalSection
	GlobalSection(ProjectConfigurationPlatforms) = postSolution
		{D4860B31-411F-4E25-BD6D-C7C84284D481}.Debug|Any CPU.ActiveCfg = Debug|Any CPU
		{D4860B31-411F-4E25-BD6D-C7C84284D481}.Debug|Any CPU.Build.0 = Debug|Any CPU
		{D4860B31-411F-4E25-BD6D-C7C84284D481}.Release|Any CPU.ActiveCfg = Release|Any CPU
		{D4860B31-411F-4E25-BD6D-C7C84284D481}.Release|Any CPU.Build.0 = Release|Any CPU
		{00F9C05E-A1DC-4C25-974A-CAE52A4C162D}.Debug|Any CPU.ActiveCfg = Debug|Any CPU
		{00F9C05E-A1DC-4C25-974A-CAE52A4C162D}.Debug|Any CPU.Build.0 = Debug|Any CPU
		{00F9C05E-A1DC-4C25-974A-CAE52A4C162D}.Release|Any CPU.ActiveCfg = Release|Any CPU
		{00F9C05E-A1DC-4C25-974A-CAE52A4C162D}.Release|Any CPU.Build.0 = Release|Any CPU
	EndGlobalSection
EndGlobal
