
Microsoft Visual Studio Solution File, Format Version 12.00
Project("{FAE04EC0-301F-11D3-BF4B-00C04F79EFBC}") = "WebApp", "WebApp\WebApp.csproj", "{00F9C05E-A1DC-4C25-974A-CAE52A4C162D}"
EndProject
Project("{FAE04EC0-301F-11D3-BF4B-00C04F79EFBC}") = "GameServer", "GameServer\GameServer.csproj", "{F6D65EC8-AD05-4C72-A7FC-7D5DDC18D0FB}"
EndProject
Global
	GlobalSection(SolutionConfigurationPlatforms) = preSolution
		Debug|Any CPU = Debug|Any CPU
		Release|Any CPU = Release|Any CPU
	EndGlobalSection
	GlobalSection(ProjectConfigurationPlatforms) = postSolution
		{00F9C05E-A1DC-4C25-974A-CAE52A4C162D}.Debug|Any CPU.ActiveCfg = Debug|Any CPU
		{00F9C05E-A1DC-4C25-974A-CAE52A4C162D}.Debug|Any CPU.Build.0 = Debug|Any CPU
		{00F9C05E-A1DC-4C25-974A-CAE52A4C162D}.Release|Any CPU.ActiveCfg = Release|Any CPU
		{00F9C05E-A1DC-4C25-974A-CAE52A4C162D}.Release|Any CPU.Build.0 = Release|Any CPU
		{F6D65EC8-AD05-4C72-A7FC-7D5DDC18D0FB}.Debug|Any CPU.ActiveCfg = Debug|Any CPU
		{F6D65EC8-AD05-4C72-A7FC-7D5DDC18D0FB}.Debug|Any CPU.Build.0 = Debug|Any CPU
		{F6D65EC8-AD05-4C72-A7FC-7D5DDC18D0FB}.Release|Any CPU.ActiveCfg = Release|Any CPU
		{F6D65EC8-AD05-4C72-A7FC-7D5DDC18D0FB}.Release|Any CPU.Build.0 = Release|Any CPU
	EndGlobalSection
EndGlobal
